
Microsoft Visual Studio Solution File, Format Version 12.00
# Visual Studio 2013
VisualStudioVersion = 12.0.31101.0
MinimumVisualStudioVersion = 10.0.40219.1
Project("{FAE04EC0-301F-11D3-BF4B-00C04F79EFBC}") = "ModelFirst", "ModelFirst\ModelFirst.csproj", "{19E90AF2-5283-45A6-81B5-CDC05904B353}"
EndProject
Project("{00D1A9C2-B5F0-4AF3-8072-F6C62B433612}") = "ModelFirst.Database", "ModelFirst.Database\ModelFirst.Database.sqlproj", "{6160B574-799A-44DF-B73F-7712C0F55D22}"
EndProject
Project("{FAE04EC0-301F-11D3-BF4B-00C04F79EFBC}") = "DatabaseFirst", "DatabaseFirst\DatabaseFirst.csproj", "{B9352BA9-F3B3-4DC2-8C9F-4A0A70C3FFFD}"
EndProject
Project("{FAE04EC0-301F-11D3-BF4B-00C04F79EFBC}") = "ComplexTypes", "ComplexTypes\ComplexTypes.csproj", "{335B03D1-E05A-44BE-8153-6A11380D9106}"
EndProject
Project("{FAE04EC0-301F-11D3-BF4B-00C04F79EFBC}") = "Relationships", "Relationships\Relationships.csproj", "{CD66D6CD-AE78-46CC-8560-2B20B81FC9C3}"
EndProject
Project("{FAE04EC0-301F-11D3-BF4B-00C04F79EFBC}") = "TPT_Inheritance", "TPT_Inheritance\TPT_Inheritance.csproj", "{DA96D8C2-D34F-41ED-B8A4-746BBD423709}"
EndProject
Project("{FAE04EC0-301F-11D3-BF4B-00C04F79EFBC}") = "TPH_Inheritance", "TPH_Inheritance\TPH_Inheritance.csproj", "{B72778C6-4DB1-4071-A83E-C44F23FB25F9}"
EndProject
Project("{FAE04EC0-301F-11D3-BF4B-00C04F79EFBC}") = "StoredProcedures", "StoredProcedures\StoredProcedures.csproj", "{FD16758A-200E-47AC-A3E2-50D6E36635C0}"
EndProject
Project("{FAE04EC0-301F-11D3-BF4B-00C04F79EFBC}") = "EntitySplitting", "EntitySplitting\EntitySplitting.csproj", "{07E6F7BF-F9AD-42F8-96E7-FDE71821E1D7}"
EndProject
Project("{FAE04EC0-301F-11D3-BF4B-00C04F79EFBC}") = "TableSplitting", "TableSplitting\TableSplitting.csproj", "{4BD58FD0-E5BE-42BF-ABD4-513727D66E59}"
EndProject
Project("{FAE04EC0-301F-11D3-BF4B-00C04F79EFBC}") = "LinqToEntities", "LinqToEntities\LinqToEntities.csproj", "{9CC0A198-C261-4468-B37B-65E9545F980E}"
EndProject
Global
	GlobalSection(SolutionConfigurationPlatforms) = preSolution
		Debug|Any CPU = Debug|Any CPU
		Release|Any CPU = Release|Any CPU
	EndGlobalSection
	GlobalSection(ProjectConfigurationPlatforms) = postSolution
		{19E90AF2-5283-45A6-81B5-CDC05904B353}.Debug|Any CPU.ActiveCfg = Debug|Any CPU
		{19E90AF2-5283-45A6-81B5-CDC05904B353}.Debug|Any CPU.Build.0 = Debug|Any CPU
		{19E90AF2-5283-45A6-81B5-CDC05904B353}.Release|Any CPU.ActiveCfg = Release|Any CPU
		{19E90AF2-5283-45A6-81B5-CDC05904B353}.Release|Any CPU.Build.0 = Release|Any CPU
		{6160B574-799A-44DF-B73F-7712C0F55D22}.Debug|Any CPU.ActiveCfg = Debug|Any CPU
		{6160B574-799A-44DF-B73F-7712C0F55D22}.Debug|Any CPU.Build.0 = Debug|Any CPU
		{6160B574-799A-44DF-B73F-7712C0F55D22}.Debug|Any CPU.Deploy.0 = Debug|Any CPU
		{6160B574-799A-44DF-B73F-7712C0F55D22}.Release|Any CPU.ActiveCfg = Release|Any CPU
		{6160B574-799A-44DF-B73F-7712C0F55D22}.Release|Any CPU.Build.0 = Release|Any CPU
		{6160B574-799A-44DF-B73F-7712C0F55D22}.Release|Any CPU.Deploy.0 = Release|Any CPU
		{B9352BA9-F3B3-4DC2-8C9F-4A0A70C3FFFD}.Debug|Any CPU.ActiveCfg = Debug|Any CPU
		{B9352BA9-F3B3-4DC2-8C9F-4A0A70C3FFFD}.Debug|Any CPU.Build.0 = Debug|Any CPU
		{B9352BA9-F3B3-4DC2-8C9F-4A0A70C3FFFD}.Release|Any CPU.ActiveCfg = Release|Any CPU
		{B9352BA9-F3B3-4DC2-8C9F-4A0A70C3FFFD}.Release|Any CPU.Build.0 = Release|Any CPU
		{335B03D1-E05A-44BE-8153-6A11380D9106}.Debug|Any CPU.ActiveCfg = Debug|Any CPU
		{335B03D1-E05A-44BE-8153-6A11380D9106}.Debug|Any CPU.Build.0 = Debug|Any CPU
		{335B03D1-E05A-44BE-8153-6A11380D9106}.Release|Any CPU.ActiveCfg = Release|Any CPU
		{335B03D1-E05A-44BE-8153-6A11380D9106}.Release|Any CPU.Build.0 = Release|Any CPU
		{CD66D6CD-AE78-46CC-8560-2B20B81FC9C3}.Debug|Any CPU.ActiveCfg = Debug|Any CPU
		{CD66D6CD-AE78-46CC-8560-2B20B81FC9C3}.Debug|Any CPU.Build.0 = Debug|Any CPU
		{CD66D6CD-AE78-46CC-8560-2B20B81FC9C3}.Release|Any CPU.ActiveCfg = Release|Any CPU
		{CD66D6CD-AE78-46CC-8560-2B20B81FC9C3}.Release|Any CPU.Build.0 = Release|Any CPU
		{DA96D8C2-D34F-41ED-B8A4-746BBD423709}.Debug|Any CPU.ActiveCfg = Debug|Any CPU
		{DA96D8C2-D34F-41ED-B8A4-746BBD423709}.Debug|Any CPU.Build.0 = Debug|Any CPU
		{DA96D8C2-D34F-41ED-B8A4-746BBD423709}.Release|Any CPU.ActiveCfg = Release|Any CPU
		{DA96D8C2-D34F-41ED-B8A4-746BBD423709}.Release|Any CPU.Build.0 = Release|Any CPU
		{B72778C6-4DB1-4071-A83E-C44F23FB25F9}.Debug|Any CPU.ActiveCfg = Debug|Any CPU
		{B72778C6-4DB1-4071-A83E-C44F23FB25F9}.Debug|Any CPU.Build.0 = Debug|Any CPU
		{B72778C6-4DB1-4071-A83E-C44F23FB25F9}.Release|Any CPU.ActiveCfg = Release|Any CPU
		{B72778C6-4DB1-4071-A83E-C44F23FB25F9}.Release|Any CPU.Build.0 = Release|Any CPU
		{FD16758A-200E-47AC-A3E2-50D6E36635C0}.Debug|Any CPU.ActiveCfg = Debug|Any CPU
		{FD16758A-200E-47AC-A3E2-50D6E36635C0}.Debug|Any CPU.Build.0 = Debug|Any CPU
		{FD16758A-200E-47AC-A3E2-50D6E36635C0}.Release|Any CPU.ActiveCfg = Release|Any CPU
		{FD16758A-200E-47AC-A3E2-50D6E36635C0}.Release|Any CPU.Build.0 = Release|Any CPU
		{07E6F7BF-F9AD-42F8-96E7-FDE71821E1D7}.Debug|Any CPU.ActiveCfg = Debug|Any CPU
		{07E6F7BF-F9AD-42F8-96E7-FDE71821E1D7}.Debug|Any CPU.Build.0 = Debug|Any CPU
		{07E6F7BF-F9AD-42F8-96E7-FDE71821E1D7}.Release|Any CPU.ActiveCfg = Release|Any CPU
		{07E6F7BF-F9AD-42F8-96E7-FDE71821E1D7}.Release|Any CPU.Build.0 = Release|Any CPU
		{4BD58FD0-E5BE-42BF-ABD4-513727D66E59}.Debug|Any CPU.ActiveCfg = Debug|Any CPU
		{4BD58FD0-E5BE-42BF-ABD4-513727D66E59}.Debug|Any CPU.Build.0 = Debug|Any CPU
		{4BD58FD0-E5BE-42BF-ABD4-513727D66E59}.Release|Any CPU.ActiveCfg = Release|Any CPU
		{4BD58FD0-E5BE-42BF-ABD4-513727D66E59}.Release|Any CPU.Build.0 = Release|Any CPU
		{9CC0A198-C261-4468-B37B-65E9545F980E}.Debug|Any CPU.ActiveCfg = Debug|Any CPU
		{9CC0A198-C261-4468-B37B-65E9545F980E}.Debug|Any CPU.Build.0 = Debug|Any CPU
		{9CC0A198-C261-4468-B37B-65E9545F980E}.Release|Any CPU.ActiveCfg = Release|Any CPU
		{9CC0A198-C261-4468-B37B-65E9545F980E}.Release|Any CPU.Build.0 = Release|Any CPU
	EndGlobalSection
	GlobalSection(SolutionProperties) = preSolution
		HideSolutionNode = FALSE
	EndGlobalSection
EndGlobal
